
Microsoft Visual Studio Solution File, Format Version 12.00
# Visual Studio 15
VisualStudioVersion = 15.0.27428.2002
MinimumVisualStudioVersion = 10.0.40219.1
Project("{2150E333-8FDC-42A3-9474-1A3956D46DE8}") = "1 - Presentation", "1 - Presentation", "{9A5BD929-C83C-4DC7-9803-E8388A3E64A2}"
EndProject
Project("{2150E333-8FDC-42A3-9474-1A3956D46DE8}") = "2 - Services", "2 - Services", "{9E1B04CF-E5E1-41B9-8A21-D6F04ACF3BDD}"
EndProject
Project("{2150E333-8FDC-42A3-9474-1A3956D46DE8}") = "3 - Application", "3 - Application", "{03A9C3AF-BE56-4900-8B38-0CDBF9451CC1}"
EndProject
Project("{2150E333-8FDC-42A3-9474-1A3956D46DE8}") = "4 - Domain", "4 - Domain", "{96F94E2E-7125-4A98-BBB4-4564DF623BCE}"
EndProject
Project("{2150E333-8FDC-42A3-9474-1A3956D46DE8}") = "5 - Infra", "5 - Infra", "{622C7A02-C87B-41DE-8704-FFBFF30FC0A5}"
EndProject
Project("{2150E333-8FDC-42A3-9474-1A3956D46DE8}") = "5.1 - Data", "5.1 - Data", "{D4C11DA9-D357-4D9E-89E5-B77630110E9A}"
EndProject
Project("{2150E333-8FDC-42A3-9474-1A3956D46DE8}") = "5.2 - CrossCutting", "5.2 - CrossCutting", "{B7564D7D-6DD0-4E32-BCF5-16CC84CDF029}"
EndProject
Project("{FAE04EC0-301F-11D3-BF4B-00C04F79EFBC}") = "MD.Domain", "src\MD.Domain\MD.Domain.csproj", "{04A00AC9-1226-4441-A6E9-DC2A4160F96F}"
EndProject
Project("{FAE04EC0-301F-11D3-BF4B-00C04F79EFBC}") = "MD.Infra.Data", "src\MD.Infra.Data\MD.Infra.Data.csproj", "{97926144-04AD-40F4-A11D-E8C3BF3099D3}"
EndProject
Project("{FAE04EC0-301F-11D3-BF4B-00C04F79EFBC}") = "MD.UI", "src\MD.UI\MD.UI.csproj", "{8DE83492-9858-4FC5-B695-122085AD8829}"
EndProject
Project("{FAE04EC0-301F-11D3-BF4B-00C04F79EFBC}") = "MD.Application", "src\MD.Application\MD.Application.csproj", "{556D7B70-CD7D-4EB2-A6D5-64825CCF4606}"
EndProject
Project("{FAE04EC0-301F-11D3-BF4B-00C04F79EFBC}") = "MD.Infra.CrossCutting.MvcFilters", "src\MD.Infra.CrossCutting.MvcFilters\MD.Infra.CrossCutting.MvcFilters.csproj", "{96D5E5F1-5F63-40C2-A8C8-776798FBF022}"
EndProject
Project("{FAE04EC0-301F-11D3-BF4B-00C04F79EFBC}") = "MD.Infra.CrossCutting.IOC", "src\MD.Infra.CrossCutting.IOC\MD.Infra.CrossCutting.IOC.csproj", "{36D8285D-47B0-48BC-916E-3719F8753D14}"
EndProject
Global
	GlobalSection(SolutionConfigurationPlatforms) = preSolution
		Debug|Any CPU = Debug|Any CPU
		Release|Any CPU = Release|Any CPU
	EndGlobalSection
	GlobalSection(ProjectConfigurationPlatforms) = postSolution
		{04A00AC9-1226-4441-A6E9-DC2A4160F96F}.Debug|Any CPU.ActiveCfg = Debug|Any CPU
		{04A00AC9-1226-4441-A6E9-DC2A4160F96F}.Debug|Any CPU.Build.0 = Debug|Any CPU
		{04A00AC9-1226-4441-A6E9-DC2A4160F96F}.Release|Any CPU.ActiveCfg = Release|Any CPU
		{04A00AC9-1226-4441-A6E9-DC2A4160F96F}.Release|Any CPU.Build.0 = Release|Any CPU
		{97926144-04AD-40F4-A11D-E8C3BF3099D3}.Debug|Any CPU.ActiveCfg = Debug|Any CPU
		{97926144-04AD-40F4-A11D-E8C3BF3099D3}.Debug|Any CPU.Build.0 = Debug|Any CPU
		{97926144-04AD-40F4-A11D-E8C3BF3099D3}.Release|Any CPU.ActiveCfg = Release|Any CPU
		{97926144-04AD-40F4-A11D-E8C3BF3099D3}.Release|Any CPU.Build.0 = Release|Any CPU
		{8DE83492-9858-4FC5-B695-122085AD8829}.Debug|Any CPU.ActiveCfg = Debug|Any CPU
		{8DE83492-9858-4FC5-B695-122085AD8829}.Debug|Any CPU.Build.0 = Debug|Any CPU
		{8DE83492-9858-4FC5-B695-122085AD8829}.Release|Any CPU.ActiveCfg = Release|Any CPU
		{8DE83492-9858-4FC5-B695-122085AD8829}.Release|Any CPU.Build.0 = Release|Any CPU
		{556D7B70-CD7D-4EB2-A6D5-64825CCF4606}.Debug|Any CPU.ActiveCfg = Debug|Any CPU
		{556D7B70-CD7D-4EB2-A6D5-64825CCF4606}.Debug|Any CPU.Build.0 = Debug|Any CPU
		{556D7B70-CD7D-4EB2-A6D5-64825CCF4606}.Release|Any CPU.ActiveCfg = Release|Any CPU
		{556D7B70-CD7D-4EB2-A6D5-64825CCF4606}.Release|Any CPU.Build.0 = Release|Any CPU
		{96D5E5F1-5F63-40C2-A8C8-776798FBF022}.Debug|Any CPU.ActiveCfg = Debug|Any CPU
		{96D5E5F1-5F63-40C2-A8C8-776798FBF022}.Debug|Any CPU.Build.0 = Debug|Any CPU
		{96D5E5F1-5F63-40C2-A8C8-776798FBF022}.Release|Any CPU.ActiveCfg = Release|Any CPU
		{96D5E5F1-5F63-40C2-A8C8-776798FBF022}.Release|Any CPU.Build.0 = Release|Any CPU
		{36D8285D-47B0-48BC-916E-3719F8753D14}.Debug|Any CPU.ActiveCfg = Debug|Any CPU
		{36D8285D-47B0-48BC-916E-3719F8753D14}.Debug|Any CPU.Build.0 = Debug|Any CPU
		{36D8285D-47B0-48BC-916E-3719F8753D14}.Release|Any CPU.ActiveCfg = Release|Any CPU
		{36D8285D-47B0-48BC-916E-3719F8753D14}.Release|Any CPU.Build.0 = Release|Any CPU
	EndGlobalSection
	GlobalSection(SolutionProperties) = preSolution
		HideSolutionNode = FALSE
	EndGlobalSection
	GlobalSection(NestedProjects) = preSolution
		{D4C11DA9-D357-4D9E-89E5-B77630110E9A} = {622C7A02-C87B-41DE-8704-FFBFF30FC0A5}
		{B7564D7D-6DD0-4E32-BCF5-16CC84CDF029} = {622C7A02-C87B-41DE-8704-FFBFF30FC0A5}
		{04A00AC9-1226-4441-A6E9-DC2A4160F96F} = {96F94E2E-7125-4A98-BBB4-4564DF623BCE}
		{97926144-04AD-40F4-A11D-E8C3BF3099D3} = {D4C11DA9-D357-4D9E-89E5-B77630110E9A}
		{8DE83492-9858-4FC5-B695-122085AD8829} = {9A5BD929-C83C-4DC7-9803-E8388A3E64A2}
		{556D7B70-CD7D-4EB2-A6D5-64825CCF4606} = {03A9C3AF-BE56-4900-8B38-0CDBF9451CC1}
		{96D5E5F1-5F63-40C2-A8C8-776798FBF022} = {B7564D7D-6DD0-4E32-BCF5-16CC84CDF029}
		{36D8285D-47B0-48BC-916E-3719F8753D14} = {B7564D7D-6DD0-4E32-BCF5-16CC84CDF029}
	EndGlobalSection
	GlobalSection(ExtensibilityGlobals) = postSolution
		SolutionGuid = {18937107-07A7-44F4-BA6D-07C37CFA8721}
	EndGlobalSection
EndGlobal
